// !$*UTF8*$!
{
	archiveVersion = 1;
	classes = {
	};
	objectVersion = 77;
	objects = {

/* Begin PBXBuildFile section */
		4EC836B72E3B641B004A10CC /* Alamofire in Frameworks */ = {isa = PBXBuildFile; productRef = 4EC836B62E3B641B004A10CC /* Alamofire */; };
		4EC836BA2E3B6425004A10CC /* SnapKit in Frameworks */ = {isa = PBXBuildFile; productRef = 4EC836B92E3B6425004A10CC /* SnapKit */; };
		4EC836BD2E3B642F004A10CC /* Kingfisher in Frameworks */ = {isa = PBXBuildFile; productRef = 4EC836BC2E3B642F004A10CC /* Kingfisher */; };
		4EC836C02E3B6437004A10CC /* Toast in Frameworks */ = {isa = PBXBuildFile; productRef = 4EC836BF2E3B6437004A10CC /* Toast */; };
		4EC836C32E3B644E004A10CC /* IQKeyboardManagerSwift in Frameworks */ = {isa = PBXBuildFile; productRef = 4EC836C22E3B644E004A10CC /* IQKeyboardManagerSwift */; };
/* End PBXBuildFile section */

/* Begin PBXFileReference section */
		4EC836452E3B413A004A10CC /* GreenMovieProject.app */ = {isa = PBXFileReference; explicitFileType = wrapper.application; includeInIndex = 0; path = GreenMovieProject.app; sourceTree = BUILT_PRODUCTS_DIR; };
/* End PBXFileReference section */

/* Begin PBXFileSystemSynchronizedBuildFileExceptionSet section */
		4EC8365A2E3B413C004A10CC /* Exceptions for "GreenMovieProject" folder in "GreenMovieProject" target */ = {
			isa = PBXFileSystemSynchronizedBuildFileExceptionSet;
			membershipExceptions = (
				Info.plist,
			);
			target = 4EC836442E3B413A004A10CC /* GreenMovieProject */;
		};
/* End PBXFileSystemSynchronizedBuildFileExceptionSet section */

/* Begin PBXFileSystemSynchronizedRootGroup section */
		4EC836472E3B413A004A10CC /* GreenMovieProject */ = {
			isa = PBXFileSystemSynchronizedRootGroup;
			exceptions = (
				4EC8365A2E3B413C004A10CC /* Exceptions for "GreenMovieProject" folder in "GreenMovieProject" target */,
			);
			path = GreenMovieProject;
			sourceTree = "<group>";
		};
/* End PBXFileSystemSynchronizedRootGroup section */

/* Begin PBXFrameworksBuildPhase section */
		4EC836422E3B413A004A10CC /* Frameworks */ = {
			isa = PBXFrameworksBuildPhase;
			buildActionMask = 2147483647;
			files = (
				4EC836C32E3B644E004A10CC /* IQKeyboardManagerSwift in Frameworks */,
				4EC836C02E3B6437004A10CC /* Toast in Frameworks */,
				4EC836BD2E3B642F004A10CC /* Kingfisher in Frameworks */,
				4EC836B72E3B641B004A10CC /* Alamofire in Frameworks */,
				4EC836BA2E3B6425004A10CC /* SnapKit in Frameworks */,
			);
			runOnlyForDeploymentPostprocessing = 0;
		};
/* End PBXFrameworksBuildPhase section */

/* Begin PBXGroup section */
		4EC8363C2E3B413A004A10CC = {
			isa = PBXGroup;
			children = (
				4EC836472E3B413A004A10CC /* GreenMovieProject */,
				4EC836462E3B413A004A10CC /* Products */,
			);
			sourceTree = "<group>";
		};
		4EC836462E3B413A004A10CC /* Products */ = {
			isa = PBXGroup;
			children = (
				4EC836452E3B413A004A10CC /* GreenMovieProject.app */,
			);
			name = Products;
			sourceTree = "<group>";
		};
/* End PBXGroup section */

/* Begin PBXNativeTarget section */
		4EC836442E3B413A004A10CC /* GreenMovieProject */ = {
			isa = PBXNativeTarget;
			buildConfigurationList = 4EC8365B2E3B413C004A10CC /* Build configuration list for PBXNativeTarget "GreenMovieProject" */;
			buildPhases = (
				4EC836412E3B413A004A10CC /* Sources */,
				4EC836422E3B413A004A10CC /* Frameworks */,
				4EC836432E3B413A004A10CC /* Resources */,
			);
			buildRules = (
			);
			dependencies = (
			);
			fileSystemSynchronizedGroups = (
				4EC836472E3B413A004A10CC /* GreenMovieProject */,
			);
			name = GreenMovieProject;
			packageProductDependencies = (
				4EC836B62E3B641B004A10CC /* Alamofire */,
				4EC836B92E3B6425004A10CC /* SnapKit */,
				4EC836BC2E3B642F004A10CC /* Kingfisher */,
				4EC836BF2E3B6437004A10CC /* Toast */,
				4EC836C22E3B644E004A10CC /* IQKeyboardManagerSwift */,
			);
			productName = GreenMovieProject;
			productReference = 4EC836452E3B413A004A10CC /* GreenMovieProject.app */;
			productType = "com.apple.product-type.application";
		};
/* End PBXNativeTarget section */

/* Begin PBXProject section */
		4EC8363D2E3B413A004A10CC /* Project object */ = {
			isa = PBXProject;
			attributes = {
				BuildIndependentTargetsInParallel = 1;
				LastSwiftUpdateCheck = 1620;
				LastUpgradeCheck = 1620;
				TargetAttributes = {
					4EC836442E3B413A004A10CC = {
						CreatedOnToolsVersion = 16.2;
					};
				};
			};
			buildConfigurationList = 4EC836402E3B413A004A10CC /* Build configuration list for PBXProject "GreenMovieProject" */;
			developmentRegion = en;
			hasScannedForEncodings = 0;
			knownRegions = (
				en,
				Base,
			);
			mainGroup = 4EC8363C2E3B413A004A10CC;
			minimizedProjectReferenceProxies = 1;
			packageReferences = (
				4EC836B52E3B641B004A10CC /* XCRemoteSwiftPackageReference "Alamofire" */,
				4EC836B82E3B6425004A10CC /* XCRemoteSwiftPackageReference "SnapKit" */,
				4EC836BB2E3B642F004A10CC /* XCRemoteSwiftPackageReference "Kingfisher" */,
				4EC836BE2E3B6437004A10CC /* XCRemoteSwiftPackageReference "Toast-Swift" */,
				4EC836C12E3B644E004A10CC /* XCRemoteSwiftPackageReference "IQKeyboardManager" */,
			);
			preferredProjectObjectVersion = 77;
			productRefGroup = 4EC836462E3B413A004A10CC /* Products */;
			projectDirPath = "";
			projectRoot = "";
			targets = (
				4EC836442E3B413A004A10CC /* GreenMovieProject */,
			);
		};
/* End PBXProject section */

/* Begin PBXResourcesBuildPhase section */
		4EC836432E3B413A004A10CC /* Resources */ = {
			isa = PBXResourcesBuildPhase;
			buildActionMask = 2147483647;
			files = (
			);
			runOnlyForDeploymentPostprocessing = 0;
		};
/* End PBXResourcesBuildPhase section */

/* Begin PBXSourcesBuildPhase section */
		4EC836412E3B413A004A10CC /* Sources */ = {
			isa = PBXSourcesBuildPhase;
			buildActionMask = 2147483647;
			files = (
			);
			runOnlyForDeploymentPostprocessing = 0;
		};
/* End PBXSourcesBuildPhase section */

/* Begin XCBuildConfiguration section */
		4EC8365C2E3B413C004A10CC /* Debug */ = {
			isa = XCBuildConfiguration;
			buildSettings = {
				ASSETCATALOG_COMPILER_APPICON_NAME = AppIcon;
				ASSETCATALOG_COMPILER_GLOBAL_ACCENT_COLOR_NAME = AccentColor;
				CODE_SIGN_STYLE = Automatic;
				CURRENT_PROJECT_VERSION = 1;
				DEVELOPMENT_TEAM = F5WP2FDW4U;
				GENERATE_INFOPLIST_FILE = YES;
				INFOPLIST_FILE = GreenMovieProject/Info.plist;
				INFOPLIST_KEY_UIApplicationSupportsIndirectInputEvents = YES;
				INFOPLIST_KEY_UILaunchStoryboardName = LaunchScreen;
				INFOPLIST_KEY_UISupportedInterfaceOrientations = UIInterfaceOrientationPortrait;
				IPHONEOS_DEPLOYMENT_TARGET = 16.0;
				LD_RUNPATH_SEARCH_PATHS = (
					"$(inherited)",
					"@executable_path/Frameworks",
				);
				MARKETING_VERSION = 1.0;
				PRODUCT_BUNDLE_IDENTIFIER = com.ram.GreenMovieProject;
				PRODUCT_NAME = "$(TARGET_NAME)";
				SWIFT_EMIT_LOC_STRINGS = YES;
				SWIFT_VERSION = 5.0;
				TARGETED_DEVICE_FAMILY = "1,2";
			};
			name = Debug;
		};
		4EC8365D2E3B413C004A10CC /* Release */ = {
			isa = XCBuildConfiguration;
			buildSettings = {
				ASSETCATALOG_COMPILER_APPICON_NAME = AppIcon;
				ASSETCATALOG_COMPILER_GLOBAL_ACCENT_COLOR_NAME = AccentColor;
				CODE_SIGN_STYLE = Automatic;
				CURRENT_PROJECT_VERSION = 1;
				DEVELOPMENT_TEAM = F5WP2FDW4U;
				GENERATE_INFOPLIST_FILE = YES;
				INFOPLIST_FILE = GreenMovieProject/Info.plist;
				INFOPLIST_KEY_UIApplicationSupportsIndirectInputEvents = YES;
				INFOPLIST_KEY_UILaunchStoryboardName = LaunchScreen;
				INFOPLIST_KEY_UISupportedInterfaceOrientations = UIInterfaceOrientationPortrait;
				IPHONEOS_DEPLOYMENT_TARGET = 16.0;
				LD_RUNPATH_SEARCH_PATHS = (
					"$(inherited)",
					"@executable_path/Frameworks",
				);
				MARKETING_VERSION = 1.0;
				PRODUCT_BUNDLE_IDENTIFIER = com.ram.GreenMovieProject;
				PRODUCT_NAME = "$(TARGET_NAME)";
				SWIFT_EMIT_LOC_STRINGS = YES;
				SWIFT_VERSION = 5.0;
				TARGETED_DEVICE_FAMILY = "1,2";
			};
			name = Release;
		};
		4EC8365E2E3B413C004A10CC /* Debug */ = {
			isa = XCBuildConfiguration;
			buildSettings = {
				ALWAYS_SEARCH_USER_PATHS = NO;
				ASSETCATALOG_COMPILER_GENERATE_SWIFT_ASSET_SYMBOL_EXTENSIONS = YES;
				CLANG_ANALYZER_NONNULL = YES;
				CLANG_ANALYZER_NUMBER_OBJECT_CONVERSION = YES_AGGRESSIVE;
				CLANG_CXX_LANGUAGE_STANDARD = "gnu++20";
				CLANG_ENABLE_MODULES = YES;
				CLANG_ENABLE_OBJC_ARC = YES;
				CLANG_ENABLE_OBJC_WEAK = YES;
				CLANG_WARN_BLOCK_CAPTURE_AUTORELEASING = YES;
				CLANG_WARN_BOOL_CONVERSION = YES;
				CLANG_WARN_COMMA = YES;
				CLANG_WARN_CONSTANT_CONVERSION = YES;
				CLANG_WARN_DEPRECATED_OBJC_IMPLEMENTATIONS = YES;
				CLANG_WARN_DIRECT_OBJC_ISA_USAGE = YES_ERROR;
				CLANG_WARN_DOCUMENTATION_COMMENTS = YES;
				CLANG_WARN_EMPTY_BODY = YES;
				CLANG_WARN_ENUM_CONVERSION = YES;
				CLANG_WARN_INFINITE_RECURSION = YES;
				CLANG_WARN_INT_CONVERSION = YES;
				CLANG_WARN_NON_LITERAL_NULL_CONVERSION = YES;
				CLANG_WARN_OBJC_IMPLICIT_RETAIN_SELF = YES;
				CLANG_WARN_OBJC_LITERAL_CONVERSION = YES;
				CLANG_WARN_OBJC_ROOT_CLASS = YES_ERROR;
				CLANG_WARN_QUOTED_INCLUDE_IN_FRAMEWORK_HEADER = YES;
				CLANG_WARN_RANGE_LOOP_ANALYSIS = YES;
				CLANG_WARN_STRICT_PROTOTYPES = YES;
				CLANG_WARN_SUSPICIOUS_MOVE = YES;
				CLANG_WARN_UNGUARDED_AVAILABILITY = YES_AGGRESSIVE;
				CLANG_WARN_UNREACHABLE_CODE = YES;
				CLANG_WARN__DUPLICATE_METHOD_MATCH = YES;
				COPY_PHASE_STRIP = NO;
				DEBUG_INFORMATION_FORMAT = dwarf;
				ENABLE_STRICT_OBJC_MSGSEND = YES;
				ENABLE_TESTABILITY = YES;
				ENABLE_USER_SCRIPT_SANDBOXING = YES;
				GCC_C_LANGUAGE_STANDARD = gnu17;
				GCC_DYNAMIC_NO_PIC = NO;
				GCC_NO_COMMON_BLOCKS = YES;
				GCC_OPTIMIZATION_LEVEL = 0;
				GCC_PREPROCESSOR_DEFINITIONS = (
					"DEBUG=1",
					"$(inherited)",
				);
				GCC_WARN_64_TO_32_BIT_CONVERSION = YES;
				GCC_WARN_ABOUT_RETURN_TYPE = YES_ERROR;
				GCC_WARN_UNDECLARED_SELECTOR = YES;
				GCC_WARN_UNINITIALIZED_AUTOS = YES_AGGRESSIVE;
				GCC_WARN_UNUSED_FUNCTION = YES;
				GCC_WARN_UNUSED_VARIABLE = YES;
				IPHONEOS_DEPLOYMENT_TARGET = 18.2;
				LOCALIZATION_PREFERS_STRING_CATALOGS = YES;
				MTL_ENABLE_DEBUG_INFO = INCLUDE_SOURCE;
				MTL_FAST_MATH = YES;
				ONLY_ACTIVE_ARCH = YES;
				SDKROOT = iphoneos;
				SWIFT_ACTIVE_COMPILATION_CONDITIONS = "DEBUG $(inherited)";
				SWIFT_OPTIMIZATION_LEVEL = "-Onone";
			};
			name = Debug;
		};
		4EC8365F2E3B413C004A10CC /* Release */ = {
			isa = XCBuildConfiguration;
			buildSettings = {
				ALWAYS_SEARCH_USER_PATHS = NO;
				ASSETCATALOG_COMPILER_GENERATE_SWIFT_ASSET_SYMBOL_EXTENSIONS = YES;
				CLANG_ANALYZER_NONNULL = YES;
				CLANG_ANALYZER_NUMBER_OBJECT_CONVERSION = YES_AGGRESSIVE;
				CLANG_CXX_LANGUAGE_STANDARD = "gnu++20";
				CLANG_ENABLE_MODULES = YES;
				CLANG_ENABLE_OBJC_ARC = YES;
				CLANG_ENABLE_OBJC_WEAK = YES;
				CLANG_WARN_BLOCK_CAPTURE_AUTORELEASING = YES;
				CLANG_WARN_BOOL_CONVERSION = YES;
				CLANG_WARN_COMMA = YES;
				CLANG_WARN_CONSTANT_CONVERSION = YES;
				CLANG_WARN_DEPRECATED_OBJC_IMPLEMENTATIONS = YES;
				CLANG_WARN_DIRECT_OBJC_ISA_USAGE = YES_ERROR;
				CLANG_WARN_DOCUMENTATION_COMMENTS = YES;
				CLANG_WARN_EMPTY_BODY = YES;
				CLANG_WARN_ENUM_CONVERSION = YES;
				CLANG_WARN_INFINITE_RECURSION = YES;
				CLANG_WARN_INT_CONVERSION = YES;
				CLANG_WARN_NON_LITERAL_NULL_CONVERSION = YES;
				CLANG_WARN_OBJC_IMPLICIT_RETAIN_SELF = YES;
				CLANG_WARN_OBJC_LITERAL_CONVERSION = YES;
				CLANG_WARN_OBJC_ROOT_CLASS = YES_ERROR;
				CLANG_WARN_QUOTED_INCLUDE_IN_FRAMEWORK_HEADER = YES;
				CLANG_WARN_RANGE_LOOP_ANALYSIS = YES;
				CLANG_WARN_STRICT_PROTOTYPES = YES;
				CLANG_WARN_SUSPICIOUS_MOVE = YES;
				CLANG_WARN_UNGUARDED_AVAILABILITY = YES_AGGRESSIVE;
				CLANG_WARN_UNREACHABLE_CODE = YES;
				CLANG_WARN__DUPLICATE_METHOD_MATCH = YES;
				COPY_PHASE_STRIP = NO;
				DEBUG_INFORMATION_FORMAT = "dwarf-with-dsym";
				ENABLE_NS_ASSERTIONS = NO;
				ENABLE_STRICT_OBJC_MSGSEND = YES;
				ENABLE_USER_SCRIPT_SANDBOXING = YES;
				GCC_C_LANGUAGE_STANDARD = gnu17;
				GCC_NO_COMMON_BLOCKS = YES;
				GCC_WARN_64_TO_32_BIT_CONVERSION = YES;
				GCC_WARN_ABOUT_RETURN_TYPE = YES_ERROR;
				GCC_WARN_UNDECLARED_SELECTOR = YES;
				GCC_WARN_UNINITIALIZED_AUTOS = YES_AGGRESSIVE;
				GCC_WARN_UNUSED_FUNCTION = YES;
				GCC_WARN_UNUSED_VARIABLE = YES;
				IPHONEOS_DEPLOYMENT_TARGET = 18.2;
				LOCALIZATION_PREFERS_STRING_CATALOGS = YES;
				MTL_ENABLE_DEBUG_INFO = NO;
				MTL_FAST_MATH = YES;
				SDKROOT = iphoneos;
				SWIFT_COMPILATION_MODE = wholemodule;
				VALIDATE_PRODUCT = YES;
			};
			name = Release;
		};
/* End XCBuildConfiguration section */

/* Begin XCConfigurationList section */
		4EC836402E3B413A004A10CC /* Build configuration list for PBXProject "GreenMovieProject" */ = {
			isa = XCConfigurationList;
			buildConfigurations = (
				4EC8365E2E3B413C004A10CC /* Debug */,
				4EC8365F2E3B413C004A10CC /* Release */,
			);
			defaultConfigurationIsVisible = 0;
			defaultConfigurationName = Release;
		};
		4EC8365B2E3B413C004A10CC /* Build configuration list for PBXNativeTarget "GreenMovieProject" */ = {
			isa = XCConfigurationList;
			buildConfigurations = (
				4EC8365C2E3B413C004A10CC /* Debug */,
				4EC8365D2E3B413C004A10CC /* Release */,
			);
			defaultConfigurationIsVisible = 0;
			defaultConfigurationName = Release;
		};
/* End XCConfigurationList section */

/* Begin XCRemoteSwiftPackageReference section */
		4EC836B52E3B641B004A10CC /* XCRemoteSwiftPackageReference "Alamofire" */ = {
			isa = XCRemoteSwiftPackageReference;
			repositoryURL = "https://github.com/Alamofire/Alamofire.git";
			requirement = {
				kind = upToNextMajorVersion;
				minimumVersion = 5.10.2;
			};
		};
		4EC836B82E3B6425004A10CC /* XCRemoteSwiftPackageReference "SnapKit" */ = {
			isa = XCRemoteSwiftPackageReference;
			repositoryURL = "https://github.com/SnapKit/SnapKit";
			requirement = {
				kind = upToNextMajorVersion;
				minimumVersion = 5.7.1;
			};
		};
		4EC836BB2E3B642F004A10CC /* XCRemoteSwiftPackageReference "Kingfisher" */ = {
			isa = XCRemoteSwiftPackageReference;
			repositoryURL = "https://github.com/onevcat/Kingfisher";
			requirement = {
				kind = upToNextMajorVersion;
				minimumVersion = 8.5.0;
			};
		};
		4EC836BE2E3B6437004A10CC /* XCRemoteSwiftPackageReference "Toast-Swift" */ = {
			isa = XCRemoteSwiftPackageReference;
			repositoryURL = "https://github.com/scalessec/Toast-Swift.git";
			requirement = {
				kind = upToNextMajorVersion;
				minimumVersion = 5.1.1;
			};
		};
		4EC836C12E3B644E004A10CC /* XCRemoteSwiftPackageReference "IQKeyboardManager" */ = {
			isa = XCRemoteSwiftPackageReference;
			repositoryURL = "https://github.com/hackiftekhar/IQKeyboardManager.git";
			requirement = {
				kind = upToNextMajorVersion;
				minimumVersion = 8.0.1;
			};
		};
/* End XCRemoteSwiftPackageReference section */

/* Begin XCSwiftPackageProductDependency section */
		4EC836B62E3B641B004A10CC /* Alamofire */ = {
			isa = XCSwiftPackageProductDependency;
			package = 4EC836B52E3B641B004A10CC /* XCRemoteSwiftPackageReference "Alamofire" */;
			productName = Alamofire;
		};
		4EC836B92E3B6425004A10CC /* SnapKit */ = {
			isa = XCSwiftPackageProductDependency;
			package = 4EC836B82E3B6425004A10CC /* XCRemoteSwiftPackageReference "SnapKit" */;
			productName = SnapKit;
		};
		4EC836BC2E3B642F004A10CC /* Kingfisher */ = {
			isa = XCSwiftPackageProductDependency;
			package = 4EC836BB2E3B642F004A10CC /* XCRemoteSwiftPackageReference "Kingfisher" */;
			productName = Kingfisher;
		};
		4EC836BF2E3B6437004A10CC /* Toast */ = {
			isa = XCSwiftPackageProductDependency;
			package = 4EC836BE2E3B6437004A10CC /* XCRemoteSwiftPackageReference "Toast-Swift" */;
			productName = Toast;
		};
		4EC836C22E3B644E004A10CC /* IQKeyboardManagerSwift */ = {
			isa = XCSwiftPackageProductDependency;
			package = 4EC836C12E3B644E004A10CC /* XCRemoteSwiftPackageReference "IQKeyboardManager" */;
			productName = IQKeyboardManagerSwift;
		};
/* End XCSwiftPackageProductDependency section */
	};
	rootObject = 4EC8363D2E3B413A004A10CC /* Project object */;
}
